
Microsoft Visual Studio Solution File, Format Version 12.00
# Visual Studio Version 16
VisualStudioVersion = 16.0.29025.244
MinimumVisualStudioVersion = 10.0.40219.1
Project("{2150E333-8FDC-42A3-9474-1A3956D46DE8}") = "Entities", "Entities", "{B825D3A9-3D23-4AFD-8637-7328CC910111}"
EndProject
Project("{9A19103F-16F7-4668-BE54-9A1E7A4F7556}") = "Entity", "Entity\Entity.csproj", "{BB327415-45FD-4870-A797-02D8C9DFC312}"
EndProject
Project("{9A19103F-16F7-4668-BE54-9A1E7A4F7556}") = "iBlogAPI", "iBlogAPI\iBlogAPI.csproj", "{5C7910EA-95AF-4CDD-894E-727BB2A3F76A}"
EndProject
Global
	GlobalSection(SolutionConfigurationPlatforms) = preSolution
		Debug|Any CPU = Debug|Any CPU
		Release|Any CPU = Release|Any CPU
	EndGlobalSection
	GlobalSection(ProjectConfigurationPlatforms) = postSolution
		{BB327415-45FD-4870-A797-02D8C9DFC312}.Debug|Any CPU.ActiveCfg = Debug|Any CPU
		{BB327415-45FD-4870-A797-02D8C9DFC312}.Debug|Any CPU.Build.0 = Debug|Any CPU
		{BB327415-45FD-4870-A797-02D8C9DFC312}.Release|Any CPU.ActiveCfg = Release|Any CPU
		{BB327415-45FD-4870-A797-02D8C9DFC312}.Release|Any CPU.Build.0 = Release|Any CPU
		{5C7910EA-95AF-4CDD-894E-727BB2A3F76A}.Debug|Any CPU.ActiveCfg = Debug|Any CPU
		{5C7910EA-95AF-4CDD-894E-727BB2A3F76A}.Debug|Any CPU.Build.0 = Debug|Any CPU
		{5C7910EA-95AF-4CDD-894E-727BB2A3F76A}.Release|Any CPU.ActiveCfg = Release|Any CPU
		{5C7910EA-95AF-4CDD-894E-727BB2A3F76A}.Release|Any CPU.Build.0 = Release|Any CPU
	EndGlobalSection
	GlobalSection(SolutionProperties) = preSolution
		HideSolutionNode = FALSE
	EndGlobalSection
	GlobalSection(NestedProjects) = preSolution
		{BB327415-45FD-4870-A797-02D8C9DFC312} = {B825D3A9-3D23-4AFD-8637-7328CC910111}
	EndGlobalSection
	GlobalSection(ExtensibilityGlobals) = postSolution
		SolutionGuid = {BA78088A-AC09-461F-B99A-8283E1B04CC5}
	EndGlobalSection
EndGlobal
